github.com/abadojack/whatlanggo v1.0.1 h1:19N6YogDnf71CTHm3Mp2qhYfkRdyvbgwWdd2EPxJRG4=
github.com/abadojack/whatlanggo v1.0.1/go.mod h1:66WiQbSbJBIlOZMsvbKe5m6pzQovxCH9B/K8tQB2uoc=
github.com/rylans/getlang v0.0.0-20201227074721-9e7f44ff8aa0 h1:qSaU9YAEIxk/ozcmY1hiauktAYTpbwYIrPdQ0L2E8UM=
github.com/rylans/getlang v0.0.0-20201227074721-9e7f44ff8aa0/go.mod h1:3vfmZI6aJd5Rb9W2TQ0Nmupl+qem21R05+hmCscI0Bk=
golang.org/x/text v0.3.6 h1:aRYxNxv6iGQlyVaZmk6ZgYEDa+Jg18DxebPSrd6bg1M=
golang.org/x/text v0.3.6/go.mod h1:5Zoc/QRtKVWzQhOtBMvqHzDpF6irO9z98xDceosuGiQ=
golang.org/x/tools v0.0.0-20180917221912-90fa682c2a6e/go.mod h1:n7NCudcB/nEzxVGmLbDWY5pfWTLqBcC2KZ6jyYvM4mQ=
